
Microsoft Visual Studio Solution File, Format Version 12.00
# Visual Studio Version 17
VisualStudioVersion = 17.11.35222.181
MinimumVisualStudioVersion = 10.0.40219.1
Project("{FAE04EC0-301F-11D3-BF4B-00C04F79EFBC}") = "Khalevin_s_cool_sapr", "Khalevin_s_cool_sapr\Khalevin_s_cool_sapr.csproj", "{9818D823-D5BF-4611-8732-89995C974F0E}"
EndProject
Global
	GlobalSection(SolutionConfigurationPlatforms) = preSolution
		Debug|Any CPU = Debug|Any CPU
		Release|Any CPU = Release|Any CPU
	EndGlobalSection
	GlobalSection(ProjectConfigurationPlatforms) = postSolution
		{9818D823-D5BF-4611-8732-89995C974F0E}.Debug|Any CPU.ActiveCfg = Debug|Any CPU
		{9818D823-D5BF-4611-8732-89995C974F0E}.Debug|Any CPU.Build.0 = Debug|Any CPU
		{9818D823-D5BF-4611-8732-89995C974F0E}.Release|Any CPU.ActiveCfg = Release|Any CPU
		{9818D823-D5BF-4611-8732-89995C974F0E}.Release|Any CPU.Build.0 = Release|Any CPU
	EndGlobalSection
	GlobalSection(SolutionProperties) = preSolution
		HideSolutionNode = FALSE
	EndGlobalSection
	GlobalSection(ExtensibilityGlobals) = postSolution
		SolutionGuid = {4F297138-880B-4B3F-8896-E6D46F59D013}
	EndGlobalSection
EndGlobal
